
Microsoft Visual Studio Solution File, Format Version 12.00
# Visual Studio Version 17
VisualStudioVersion = 17.5.33516.290
MinimumVisualStudioVersion = 10.0.40219.1
Project("{FAE04EC0-301F-11D3-BF4B-00C04F79EFBC}") = "AppTerceira", "AppTerceira\AppTerceira.csproj", "{00672232-96F8-4279-B265-5B8DB2B30A70}"
EndProject
Global
	GlobalSection(SolutionConfigurationPlatforms) = preSolution
		Debug|Any CPU = Debug|Any CPU
		Release|Any CPU = Release|Any CPU
	EndGlobalSection
	GlobalSection(ProjectConfigurationPlatforms) = postSolution
		{00672232-96F8-4279-B265-5B8DB2B30A70}.Debug|Any CPU.ActiveCfg = Debug|Any CPU
		{00672232-96F8-4279-B265-5B8DB2B30A70}.Debug|Any CPU.Build.0 = Debug|Any CPU
		{00672232-96F8-4279-B265-5B8DB2B30A70}.Release|Any CPU.ActiveCfg = Release|Any CPU
		{00672232-96F8-4279-B265-5B8DB2B30A70}.Release|Any CPU.Build.0 = Release|Any CPU
	EndGlobalSection
	GlobalSection(SolutionProperties) = preSolution
		HideSolutionNode = FALSE
	EndGlobalSection
	GlobalSection(ExtensibilityGlobals) = postSolution
		SolutionGuid = {D521E7EF-7FA6-4389-AD9C-D3D27886B732}
	EndGlobalSection
EndGlobal
